
Microsoft Visual Studio Solution File, Format Version 12.00
# Visual Studio Version 17
VisualStudioVersion = 17.7.33711.374
MinimumVisualStudioVersion = 10.0.40219.1
Project("{9A19103F-16F7-4668-BE54-9A1E7A4F7556}") = "NugServer.Core", "NugServer.Core\NugServer.Core.csproj", "{EC490853-ADB4-4B5E-B56F-772DA2AAF0CF}"
EndProject
Project("{2150E333-8FDC-42A3-9474-1A3956D46DE8}") = "tests", "tests", "{BBDA0DE9-FD5D-4871-B1EF-E70F4F992BA3}"
EndProject
Project("{9A19103F-16F7-4668-BE54-9A1E7A4F7556}") = "NugServer.Core.Tests", "..\tests\NugServer.Core.Tests\NugServer.Core.Tests.csproj", "{96302AD8-9888-446F-B339-D5ED657D65D4}"
EndProject
Project("{FAE04EC0-301F-11D3-BF4B-00C04F79EFBC}") = "NugServer", "NugServer\NugServer.csproj", "{D5D8BA1A-14EA-4D5F-B4A7-43C1775736CC}"
EndProject
Global
	GlobalSection(SolutionConfigurationPlatforms) = preSolution
		Debug|Any CPU = Debug|Any CPU
		Release|Any CPU = Release|Any CPU
	EndGlobalSection
	GlobalSection(ProjectConfigurationPlatforms) = postSolution
		{EC490853-ADB4-4B5E-B56F-772DA2AAF0CF}.Debug|Any CPU.ActiveCfg = Debug|Any CPU
		{EC490853-ADB4-4B5E-B56F-772DA2AAF0CF}.Debug|Any CPU.Build.0 = Debug|Any CPU
		{EC490853-ADB4-4B5E-B56F-772DA2AAF0CF}.Release|Any CPU.ActiveCfg = Release|Any CPU
		{EC490853-ADB4-4B5E-B56F-772DA2AAF0CF}.Release|Any CPU.Build.0 = Release|Any CPU
		{96302AD8-9888-446F-B339-D5ED657D65D4}.Debug|Any CPU.ActiveCfg = Debug|Any CPU
		{96302AD8-9888-446F-B339-D5ED657D65D4}.Debug|Any CPU.Build.0 = Debug|Any CPU
		{96302AD8-9888-446F-B339-D5ED657D65D4}.Release|Any CPU.ActiveCfg = Release|Any CPU
		{96302AD8-9888-446F-B339-D5ED657D65D4}.Release|Any CPU.Build.0 = Release|Any CPU
		{D5D8BA1A-14EA-4D5F-B4A7-43C1775736CC}.Debug|Any CPU.ActiveCfg = Debug|Any CPU
		{D5D8BA1A-14EA-4D5F-B4A7-43C1775736CC}.Debug|Any CPU.Build.0 = Debug|Any CPU
		{D5D8BA1A-14EA-4D5F-B4A7-43C1775736CC}.Release|Any CPU.ActiveCfg = Release|Any CPU
		{D5D8BA1A-14EA-4D5F-B4A7-43C1775736CC}.Release|Any CPU.Build.0 = Release|Any CPU
	EndGlobalSection
	GlobalSection(SolutionProperties) = preSolution
		HideSolutionNode = FALSE
	EndGlobalSection
	GlobalSection(NestedProjects) = preSolution
		{96302AD8-9888-446F-B339-D5ED657D65D4} = {BBDA0DE9-FD5D-4871-B1EF-E70F4F992BA3}
	EndGlobalSection
	GlobalSection(ExtensibilityGlobals) = postSolution
		SolutionGuid = {D7A8293B-EC8C-4E0D-AE4A-023D4B9808C1}
	EndGlobalSection
EndGlobal
